{
  "name": "second_project",
  "version": "1.0.0",
  "lockfileVersion": 2,
  "requires": true,
  "packages": {
    "": {
      "name": "second_project",
      "version": "1.0.0",
      "license": "ISC",
      "dependencies": {
        "gl_d_23": "^2.0.0"
      }
    },
    "node_modules/gl_d_23": {
      "version": "2.0.0",
      "resolved": "https://registry.npmjs.org/gl_d_23/-/gl_d_23-2.0.0.tgz",
      "integrity": "sha512-s/sNsifP/aJuhZ5jSBKIfJVUGhm2MoG63Mc2ecwptwAf1aNxPNYE04NxGsG+tZSJeSPT3gz7dAMICirXTEC+ew=="
    }
  },
  "dependencies": {
    "gl_d_23": {
      "version": "2.0.0",
      "resolved": "https://registry.npmjs.org/gl_d_23/-/gl_d_23-2.0.0.tgz",
      "integrity": "sha512-s/sNsifP/aJuhZ5jSBKIfJVUGhm2MoG63Mc2ecwptwAf1aNxPNYE04NxGsG+tZSJeSPT3gz7dAMICirXTEC+ew=="
    }
  }
}
